
Microsoft Visual Studio Solution File, Format Version 12.00
# Visual Studio Version 17
VisualStudioVersion = 17.10.34928.147
MinimumVisualStudioVersion = 10.0.40219.1
Project("{FAE04EC0-301F-11D3-BF4B-00C04F79EFBC}") = "TaskManager", "TaskManager\TaskManager.csproj", "{AE30B322-B338-4159-94A1-05C8BAC7ED25}"
EndProject
Global
	GlobalSection(SolutionConfigurationPlatforms) = preSolution
		Debug|Any CPU = Debug|Any CPU
		Release|Any CPU = Release|Any CPU
	EndGlobalSection
	GlobalSection(ProjectConfigurationPlatforms) = postSolution
		{AE30B322-B338-4159-94A1-05C8BAC7ED25}.Debug|Any CPU.ActiveCfg = Debug|Any CPU
		{AE30B322-B338-4159-94A1-05C8BAC7ED25}.Debug|Any CPU.Build.0 = Debug|Any CPU
		{AE30B322-B338-4159-94A1-05C8BAC7ED25}.Release|Any CPU.ActiveCfg = Release|Any CPU
		{AE30B322-B338-4159-94A1-05C8BAC7ED25}.Release|Any CPU.Build.0 = Release|Any CPU
	EndGlobalSection
	GlobalSection(SolutionProperties) = preSolution
		HideSolutionNode = FALSE
	EndGlobalSection
	GlobalSection(ExtensibilityGlobals) = postSolution
		SolutionGuid = {7549C7C6-FEEC-4277-B5FF-2D620AC6C1F1}
	EndGlobalSection
EndGlobal
